// !$*UTF8*$!
{
	archiveVersion = 1;
	classes = {
	};
	objectVersion = 55;
	objects = {

/* Begin PBXBuildFile section */
		7FBA32B627CFA2B0006A961D /* AppDelegate.swift in Sources */ = {isa = PBXBuildFile; fileRef = 7FBA32B527CFA2B0006A961D /* AppDelegate.swift */; };
		7FBA32B827CFA2B0006A961D /* SceneDelegate.swift in Sources */ = {isa = PBXBuildFile; fileRef = 7FBA32B727CFA2B0006A961D /* SceneDelegate.swift */; };
		7FBA32BD27CFA2B0006A961D /* Main.storyboard in Resources */ = {isa = PBXBuildFile; fileRef = 7FBA32BB27CFA2B0006A961D /* Main.storyboard */; };
		7FBA32BF27CFA2B1006A961D /* Assets.xcassets in Resources */ = {isa = PBXBuildFile; fileRef = 7FBA32BE27CFA2B1006A961D /* Assets.xcassets */; };
		7FBA32C227CFA2B1006A961D /* LaunchScreen.storyboard in Resources */ = {isa = PBXBuildFile; fileRef = 7FBA32C027CFA2B1006A961D /* LaunchScreen.storyboard */; };
		7FBA32CC27CFDB7D006A961D /* FirstViewController.swift in Sources */ = {isa = PBXBuildFile; fileRef = 7FBA32CB27CFDB7D006A961D /* FirstViewController.swift */; };
		7FBA32CE27CFDBC6006A961D /* SecondViewController.swift in Sources */ = {isa = PBXBuildFile; fileRef = 7FBA32CD27CFDBC6006A961D /* SecondViewController.swift */; };
		7FBA32D327CFDF17006A961D /* FormModel.swift in Sources */ = {isa = PBXBuildFile; fileRef = 7FBA32D227CFDF17006A961D /* FormModel.swift */; };
/* End PBXBuildFile section */

/* Begin PBXFileReference section */
		7FBA32B227CFA2B0006A961D /* FormApplication.app */ = {isa = PBXFileReference; explicitFileType = wrapper.application; includeInIndex = 0; path = FormApplication.app; sourceTree = BUILT_PRODUCTS_DIR; };
		7FBA32B527CFA2B0006A961D /* AppDelegate.swift */ = {isa = PBXFileReference; lastKnownFileType = sourcecode.swift; path = AppDelegate.swift; sourceTree = "<group>"; };
		7FBA32B727CFA2B0006A961D /* SceneDelegate.swift */ = {isa = PBXFileReference; lastKnownFileType = sourcecode.swift; path = SceneDelegate.swift; sourceTree = "<group>"; };
		7FBA32BC27CFA2B0006A961D /* Base */ = {isa = PBXFileReference; lastKnownFileType = file.storyboard; name = Base; path = Base.lproj/Main.storyboard; sourceTree = "<group>"; };
		7FBA32BE27CFA2B1006A961D /* Assets.xcassets */ = {isa = PBXFileReference; lastKnownFileType = folder.assetcatalog; path = Assets.xcassets; sourceTree = "<group>"; };
		7FBA32C127CFA2B1006A961D /* Base */ = {isa = PBXFileReference; lastKnownFileType = file.storyboard; name = Base; path = Base.lproj/LaunchScreen.storyboard; sourceTree = "<group>"; };
		7FBA32C327CFA2B1006A961D /* Info.plist */ = {isa = PBXFileReference; lastKnownFileType = text.plist.xml; path = Info.plist; sourceTree = "<group>"; };
		7FBA32CB27CFDB7D006A961D /* FirstViewController.swift */ = {isa = PBXFileReference; lastKnownFileType = sourcecode.swift; path = FirstViewController.swift; sourceTree = "<group>"; };
		7FBA32CD27CFDBC6006A961D /* SecondViewController.swift */ = {isa = PBXFileReference; lastKnownFileType = sourcecode.swift; path = SecondViewController.swift; sourceTree = "<group>"; };
		7FBA32D227CFDF17006A961D /* FormModel.swift */ = {isa = PBXFileReference; lastKnownFileType = sourcecode.swift; path = FormModel.swift; sourceTree = "<group>"; };
/* End PBXFileReference section */

/* Begin PBXFrameworksBuildPhase section */
		7FBA32AF27CFA2B0006A961D /* Frameworks */ = {
			isa = PBXFrameworksBuildPhase;
			buildActionMask = 2147483647;
			files = (
			);
			runOnlyForDeploymentPostprocessing = 0;
		};
/* End PBXFrameworksBuildPhase section */

/* Begin PBXGroup section */
		7FBA32A927CFA2B0006A961D = {
			isa = PBXGroup;
			children = (
				7FBA32B427CFA2B0006A961D /* FormApplication */,
				7FBA32B327CFA2B0006A961D /* Products */,
			);
			sourceTree = "<group>";
		};
		7FBA32B327CFA2B0006A961D /* Products */ = {
			isa = PBXGroup;
			children = (
				7FBA32B227CFA2B0006A961D /* FormApplication.app */,
			);
			name = Products;
			sourceTree = "<group>";
		};
		7FBA32B427CFA2B0006A961D /* FormApplication */ = {
			isa = PBXGroup;
			children = (
				7FBA32D427CFDF29006A961D /* FormApplication */,
				7FBA32D127CFDC64006A961D /* View */,
				7FBA32D027CFDC56006A961D /* Model */,
				7FBA32CF27CFDC36006A961D /* Controller */,
				7FBA32BE27CFA2B1006A961D /* Assets.xcassets */,
				7FBA32C027CFA2B1006A961D /* LaunchScreen.storyboard */,
				7FBA32C327CFA2B1006A961D /* Info.plist */,
			);
			path = FormApplication;
			sourceTree = "<group>";
		};
		7FBA32CF27CFDC36006A961D /* Controller */ = {
			isa = PBXGroup;
			children = (
				7FBA32CB27CFDB7D006A961D /* FirstViewController.swift */,
				7FBA32CD27CFDBC6006A961D /* SecondViewController.swift */,
			);
			path = Controller;
			sourceTree = "<group>";
		};
		7FBA32D027CFDC56006A961D /* Model */ = {
			isa = PBXGroup;
			children = (
				7FBA32D227CFDF17006A961D /* FormModel.swift */,
			);
			path = Model;
			sourceTree = "<group>";
		};
		7FBA32D127CFDC64006A961D /* View */ = {
			isa = PBXGroup;
			children = (
				7FBA32BB27CFA2B0006A961D /* Main.storyboard */,
			);
			path = View;
			sourceTree = "<group>";
		};
		7FBA32D427CFDF29006A961D /* FormApplication */ = {
			isa = PBXGroup;
			children = (
				7FBA32B727CFA2B0006A961D /* SceneDelegate.swift */,
				7FBA32B527CFA2B0006A961D /* AppDelegate.swift */,
			);
			path = FormApplication;
			sourceTree = "<group>";
		};
/* End PBXGroup section */

/* Begin PBXNativeTarget section */
		7FBA32B127CFA2B0006A961D /* FormApplication */ = {
			isa = PBXNativeTarget;
			buildConfigurationList = 7FBA32C627CFA2B1006A961D /* Build configuration list for PBXNativeTarget "FormApplication" */;
			buildPhases = (
				7FBA32AE27CFA2B0006A961D /* Sources */,
				7FBA32AF27CFA2B0006A961D /* Frameworks */,
				7FBA32B027CFA2B0006A961D /* Resources */,
			);
			buildRules = (
			);
			dependencies = (
			);
			name = FormApplication;
			productName = FormApplication;
			productReference = 7FBA32B227CFA2B0006A961D /* FormApplication.app */;
			productType = "com.apple.product-type.application";
		};
/* End PBXNativeTarget section */

/* Begin PBXProject section */
		7FBA32AA27CFA2B0006A961D /* Project object */ = {
			isa = PBXProject;
			attributes = {
				BuildIndependentTargetsInParallel = 1;
				LastSwiftUpdateCheck = 1320;
				LastUpgradeCheck = 1320;
				TargetAttributes = {
					7FBA32B127CFA2B0006A961D = {
						CreatedOnToolsVersion = 13.2.1;
					};
				};
			};
			buildConfigurationList = 7FBA32AD27CFA2B0006A961D /* Build configuration list for PBXProject "FormApplication" */;
			compatibilityVersion = "Xcode 13.0";
			developmentRegion = en;
			hasScannedForEncodings = 0;
			knownRegions = (
				en,
				Base,
			);
			mainGroup = 7FBA32A927CFA2B0006A961D;
			productRefGroup = 7FBA32B327CFA2B0006A961D /* Products */;
			projectDirPath = "";
			projectRoot = "";
			targets = (
				7FBA32B127CFA2B0006A961D /* FormApplication */,
			);
		};
/* End PBXProject section */

/* Begin PBXResourcesBuildPhase section */
		7FBA32B027CFA2B0006A961D /* Resources */ = {
			isa = PBXResourcesBuildPhase;
			buildActionMask = 2147483647;
			files = (
				7FBA32C227CFA2B1006A961D /* LaunchScreen.storyboard in Resources */,
				7FBA32BF27CFA2B1006A961D /* Assets.xcassets in Resources */,
				7FBA32BD27CFA2B0006A961D /* Main.storyboard in Resources */,
			);
			runOnlyForDeploymentPostprocessing = 0;
		};
/* End PBXResourcesBuildPhase section */

/* Begin PBXSourcesBuildPhase section */
		7FBA32AE27CFA2B0006A961D /* Sources */ = {
			isa = PBXSourcesBuildPhase;
			buildActionMask = 2147483647;
			files = (
				7FBA32B627CFA2B0006A961D /* AppDelegate.swift in Sources */,
				7FBA32B827CFA2B0006A961D /* SceneDelegate.swift in Sources */,
				7FBA32CE27CFDBC6006A961D /* SecondViewController.swift in Sources */,
				7FBA32D327CFDF17006A961D /* FormModel.swift in Sources */,
				7FBA32CC27CFDB7D006A961D /* FirstViewController.swift in Sources */,
			);
			runOnlyForDeploymentPostprocessing = 0;
		};
/* End PBXSourcesBuildPhase section */

/* Begin PBXVariantGroup section */
		7FBA32BB27CFA2B0006A961D /* Main.storyboard */ = {
			isa = PBXVariantGroup;
			children = (
				7FBA32BC27CFA2B0006A961D /* Base */,
			);
			name = Main.storyboard;
			sourceTree = "<group>";
		};
		7FBA32C027CFA2B1006A961D /* LaunchScreen.storyboard */ = {
			isa = PBXVariantGroup;
			children = (
				7FBA32C127CFA2B1006A961D /* Base */,
			);
			name = LaunchScreen.storyboard;
			sourceTree = "<group>";
		};
/* End PBXVariantGroup section */

/* Begin XCBuildConfiguration section */
		7FBA32C427CFA2B1006A961D /* Debug */ = {
			isa = XCBuildConfiguration;
			buildSettings = {
				ALWAYS_SEARCH_USER_PATHS = NO;
				CLANG_ANALYZER_NONNULL = YES;
				CLANG_ANALYZER_NUMBER_OBJECT_CONVERSION = YES_AGGRESSIVE;
				CLANG_CXX_LANGUAGE_STANDARD = "gnu++17";
				CLANG_CXX_LIBRARY = "libc++";
				CLANG_ENABLE_MODULES = YES;
				CLANG_ENABLE_OBJC_ARC = YES;
				CLANG_ENABLE_OBJC_WEAK = YES;
				CLANG_WARN_BLOCK_CAPTURE_AUTORELEASING = YES;
				CLANG_WARN_BOOL_CONVERSION = YES;
				CLANG_WARN_COMMA = YES;
				CLANG_WARN_CONSTANT_CONVERSION = YES;
				CLANG_WARN_DEPRECATED_OBJC_IMPLEMENTATIONS = YES;
				CLANG_WARN_DIRECT_OBJC_ISA_USAGE = YES_ERROR;
				CLANG_WARN_DOCUMENTATION_COMMENTS = YES;
				CLANG_WARN_EMPTY_BODY = YES;
				CLANG_WARN_ENUM_CONVERSION = YES;
				CLANG_WARN_INFINITE_RECURSION = YES;
				CLANG_WARN_INT_CONVERSION = YES;
				CLANG_WARN_NON_LITERAL_NULL_CONVERSION = YES;
				CLANG_WARN_OBJC_IMPLICIT_RETAIN_SELF = YES;
				CLANG_WARN_OBJC_LITERAL_CONVERSION = YES;
				CLANG_WARN_OBJC_ROOT_CLASS = YES_ERROR;
				CLANG_WARN_QUOTED_INCLUDE_IN_FRAMEWORK_HEADER = YES;
				CLANG_WARN_RANGE_LOOP_ANALYSIS = YES;
				CLANG_WARN_STRICT_PROTOTYPES = YES;
				CLANG_WARN_SUSPICIOUS_MOVE = YES;
				CLANG_WARN_UNGUARDED_AVAILABILITY = YES_AGGRESSIVE;
				CLANG_WARN_UNREACHABLE_CODE = YES;
				CLANG_WARN__DUPLICATE_METHOD_MATCH = YES;
				COPY_PHASE_STRIP = NO;
				DEBUG_INFORMATION_FORMAT = dwarf;
				ENABLE_STRICT_OBJC_MSGSEND = YES;
				ENABLE_TESTABILITY = YES;
				GCC_C_LANGUAGE_STANDARD = gnu11;
				GCC_DYNAMIC_NO_PIC = NO;
				GCC_NO_COMMON_BLOCKS = YES;
				GCC_OPTIMIZATION_LEVEL = 0;
				GCC_PREPROCESSOR_DEFINITIONS = (
					"DEBUG=1",
					"$(inherited)",
				);
				GCC_WARN_64_TO_32_BIT_CONVERSION = YES;
				GCC_WARN_ABOUT_RETURN_TYPE = YES_ERROR;
				GCC_WARN_UNDECLARED_SELECTOR = YES;
				GCC_WARN_UNINITIALIZED_AUTOS = YES_AGGRESSIVE;
				GCC_WARN_UNUSED_FUNCTION = YES;
				GCC_WARN_UNUSED_VARIABLE = YES;
				IPHONEOS_DEPLOYMENT_TARGET = 15.2;
				MTL_ENABLE_DEBUG_INFO = INCLUDE_SOURCE;
				MTL_FAST_MATH = YES;
				ONLY_ACTIVE_ARCH = YES;
				SDKROOT = iphoneos;
				SWIFT_ACTIVE_COMPILATION_CONDITIONS = DEBUG;
				SWIFT_OPTIMIZATION_LEVEL = "-Onone";
			};
			name = Debug;
		};
		7FBA32C527CFA2B1006A961D /* Release */ = {
			isa = XCBuildConfiguration;
			buildSettings = {
				ALWAYS_SEARCH_USER_PATHS = NO;
				CLANG_ANALYZER_NONNULL = YES;
				CLANG_ANALYZER_NUMBER_OBJECT_CONVERSION = YES_AGGRESSIVE;
				CLANG_CXX_LANGUAGE_STANDARD = "gnu++17";
				CLANG_CXX_LIBRARY = "libc++";
				CLANG_ENABLE_MODULES = YES;
				CLANG_ENABLE_OBJC_ARC = YES;
				CLANG_ENABLE_OBJC_WEAK = YES;
				CLANG_WARN_BLOCK_CAPTURE_AUTORELEASING = YES;
				CLANG_WARN_BOOL_CONVERSION = YES;
				CLANG_WARN_COMMA = YES;
				CLANG_WARN_CONSTANT_CONVERSION = YES;
				CLANG_WARN_DEPRECATED_OBJC_IMPLEMENTATIONS = YES;
				CLANG_WARN_DIRECT_OBJC_ISA_USAGE = YES_ERROR;
				CLANG_WARN_DOCUMENTATION_COMMENTS = YES;
				CLANG_WARN_EMPTY_BODY = YES;
				CLANG_WARN_ENUM_CONVERSION = YES;
				CLANG_WARN_INFINITE_RECURSION = YES;
				CLANG_WARN_INT_CONVERSION = YES;
				CLANG_WARN_NON_LITERAL_NULL_CONVERSION = YES;
				CLANG_WARN_OBJC_IMPLICIT_RETAIN_SELF = YES;
				CLANG_WARN_OBJC_LITERAL_CONVERSION = YES;
				CLANG_WARN_OBJC_ROOT_CLASS = YES_ERROR;
				CLANG_WARN_QUOTED_INCLUDE_IN_FRAMEWORK_HEADER = YES;
				CLANG_WARN_RANGE_LOOP_ANALYSIS = YES;
				CLANG_WARN_STRICT_PROTOTYPES = YES;
				CLANG_WARN_SUSPICIOUS_MOVE = YES;
				CLANG_WARN_UNGUARDED_AVAILABILITY = YES_AGGRESSIVE;
				CLANG_WARN_UNREACHABLE_CODE = YES;
				CLANG_WARN__DUPLICATE_METHOD_MATCH = YES;
				COPY_PHASE_STRIP = NO;
				DEBUG_INFORMATION_FORMAT = "dwarf-with-dsym";
				ENABLE_NS_ASSERTIONS = NO;
				ENABLE_STRICT_OBJC_MSGSEND = YES;
				GCC_C_LANGUAGE_STANDARD = gnu11;
				GCC_NO_COMMON_BLOCKS = YES;
				GCC_WARN_64_TO_32_BIT_CONVERSION = YES;
				GCC_WARN_ABOUT_RETURN_TYPE = YES_ERROR;
				GCC_WARN_UNDECLARED_SELECTOR = YES;
				GCC_WARN_UNINITIALIZED_AUTOS = YES_AGGRESSIVE;
				GCC_WARN_UNUSED_FUNCTION = YES;
				GCC_WARN_UNUSED_VARIABLE = YES;
				IPHONEOS_DEPLOYMENT_TARGET = 15.2;
				MTL_ENABLE_DEBUG_INFO = NO;
				MTL_FAST_MATH = YES;
				SDKROOT = iphoneos;
				SWIFT_COMPILATION_MODE = wholemodule;
				SWIFT_OPTIMIZATION_LEVEL = "-O";
				VALIDATE_PRODUCT = YES;
			};
			name = Release;
		};
		7FBA32C727CFA2B1006A961D /* Debug */ = {
			isa = XCBuildConfiguration;
			buildSettings = {
				ASSETCATALOG_COMPILER_APPICON_NAME = AppIcon;
				ASSETCATALOG_COMPILER_GLOBAL_ACCENT_COLOR_NAME = AccentColor;
				CODE_SIGN_STYLE = Automatic;
				CURRENT_PROJECT_VERSION = 1;
				GENERATE_INFOPLIST_FILE = YES;
				INFOPLIST_FILE = FormApplication/Info.plist;
				INFOPLIST_KEY_UIApplicationSupportsIndirectInputEvents = YES;
				INFOPLIST_KEY_UILaunchStoryboardName = LaunchScreen;
				INFOPLIST_KEY_UIMainStoryboardFile = Main;
				INFOPLIST_KEY_UISupportedInterfaceOrientations_iPad = "UIInterfaceOrientationPortrait UIInterfaceOrientationPortraitUpsideDown UIInterfaceOrientationLandscapeLeft UIInterfaceOrientationLandscapeRight";
				INFOPLIST_KEY_UISupportedInterfaceOrientations_iPhone = "UIInterfaceOrientationPortrait UIInterfaceOrientationLandscapeLeft UIInterfaceOrientationLandscapeRight";
				LD_RUNPATH_SEARCH_PATHS = (
					"$(inherited)",
					"@executable_path/Frameworks",
				);
				MARKETING_VERSION = 1.0;
				PRODUCT_BUNDLE_IDENTIFIER = com.rashi.FormApplication;
				PRODUCT_NAME = "$(TARGET_NAME)";
				SWIFT_EMIT_LOC_STRINGS = YES;
				SWIFT_VERSION = 5.0;
				TARGETED_DEVICE_FAMILY = "1,2";
			};
			name = Debug;
		};
		7FBA32C827CFA2B1006A961D /* Release */ = {
			isa = XCBuildConfiguration;
			buildSettings = {
				ASSETCATALOG_COMPILER_APPICON_NAME = AppIcon;
				ASSETCATALOG_COMPILER_GLOBAL_ACCENT_COLOR_NAME = AccentColor;
				CODE_SIGN_STYLE = Automatic;
				CURRENT_PROJECT_VERSION = 1;
				GENERATE_INFOPLIST_FILE = YES;
				INFOPLIST_FILE = FormApplication/Info.plist;
				INFOPLIST_KEY_UIApplicationSupportsIndirectInputEvents = YES;
				INFOPLIST_KEY_UILaunchStoryboardName = LaunchScreen;
				INFOPLIST_KEY_UIMainStoryboardFile = Main;
				INFOPLIST_KEY_UISupportedInterfaceOrientations_iPad = "UIInterfaceOrientationPortrait UIInterfaceOrientationPortraitUpsideDown UIInterfaceOrientationLandscapeLeft UIInterfaceOrientationLandscapeRight";
				INFOPLIST_KEY_UISupportedInterfaceOrientations_iPhone = "UIInterfaceOrientationPortrait UIInterfaceOrientationLandscapeLeft UIInterfaceOrientationLandscapeRight";
				LD_RUNPATH_SEARCH_PATHS = (
					"$(inherited)",
					"@executable_path/Frameworks",
				);
				MARKETING_VERSION = 1.0;
				PRODUCT_BUNDLE_IDENTIFIER = com.rashi.FormApplication;
				PRODUCT_NAME = "$(TARGET_NAME)";
				SWIFT_EMIT_LOC_STRINGS = YES;
				SWIFT_VERSION = 5.0;
				TARGETED_DEVICE_FAMILY = "1,2";
			};
			name = Release;
		};
/* End XCBuildConfiguration section */

/* Begin XCConfigurationList section */
		7FBA32AD27CFA2B0006A961D /* Build configuration list for PBXProject "FormApplication" */ = {
			isa = XCConfigurationList;
			buildConfigurations = (
				7FBA32C427CFA2B1006A961D /* Debug */,
				7FBA32C527CFA2B1006A961D /* Release */,
			);
			defaultConfigurationIsVisible = 0;
			defaultConfigurationName = Release;
		};
		7FBA32C627CFA2B1006A961D /* Build configuration list for PBXNativeTarget "FormApplication" */ = {
			isa = XCConfigurationList;
			buildConfigurations = (
				7FBA32C727CFA2B1006A961D /* Debug */,
				7FBA32C827CFA2B1006A961D /* Release */,
			);
			defaultConfigurationIsVisible = 0;
			defaultConfigurationName = Release;
		};
/* End XCConfigurationList section */
	};
	rootObject = 7FBA32AA27CFA2B0006A961D /* Project object */;
}
